GEM
  remote: https://rubygems.org/
  specs:
    anyway_config (2.8.0)
      ruby-next-core (~> 1.0)
    concurrent-ruby (1.3.6)
    dry-initializer (3.2.0)
    ffi (1.17.4-aarch64-linux-gnu)
    ffi (1.17.4-arm64-darwin)
    ffi (1.17.4-x86_64-darwin)
    ffi (1.17.4-x86_64-linux-gnu)
    json (2.19.3)
    karafka (2.5.9)
      karafka-core (>= 2.5.6, < 2.6.0)
      karafka-rdkafka (>= 0.24.0)
      waterdrop (>= 2.8.14, < 3.0.0)
      zeitwerk (~> 2.3)
    karafka-core (2.5.12)
      karafka-rdkafka (>= 0.20.0)
      logger (>= 1.6.0)
    karafka-rdkafka (0.25.0)
      ffi (~> 1.17.1)
      json (> 2.0)
      logger
      mini_portile2 (~> 2.6)
      rake (> 12)
    karafka-rdkafka (0.25.0-aarch64-linux-gnu)
      ffi (~> 1.17.1)
      json (> 2.0)
      logger
      mini_portile2 (~> 2.6)
      rake (> 12)
    karafka-rdkafka (0.25.0-arm64-darwin)
      ffi (~> 1.17.1)
      json (> 2.0)
      logger
      mini_portile2 (~> 2.6)
      rake (> 12)
    karafka-rdkafka (0.25.0-x86_64-linux-gnu)
      ffi (~> 1.17.1)
      json (> 2.0)
      logger
      mini_portile2 (~> 2.6)
      rake (> 12)
    karafka-testing (2.5.6)
      karafka (>= 2.5.0, < 2.6.0)
      waterdrop (>= 2.8.0)
    logger (1.7.0)
    mini_portile2 (2.8.9)
    rake (13.3.1)
    ruby-next-core (1.2.0)
    waterdrop (2.8.16)
      karafka-core (>= 2.4.9, < 3.0.0)
      karafka-rdkafka (>= 0.24.0)
      zeitwerk (~> 2.3)
    yabeda (0.16.0)
      anyway_config (>= 1.0, < 3)
      concurrent-ruby
      dry-initializer
    yabeda-karafka-2 (0.0.6)
      anyway_config (>= 1.3, < 3)
      karafka (~> 2.0)
      yabeda (~> 0.8)
    zeitwerk (2.7.5)

PLATFORMS
  aarch64-linux
  arm64-darwin-20
  arm64-darwin-21
  arm64-darwin-22
  arm64-darwin-23
  x86_64-darwin-20
  x86_64-darwin-21
  x86_64-darwin-22
  x86_64-darwin-23
  x86_64-linux

DEPENDENCIES
  karafka
  karafka-testing
  yabeda-karafka-2

BUNDLED WITH
   2.5.11
